version = 1
revision = 3
requires-python = ">=3.14"

[[package]]
name = "anyio"
version = "4.14.2"
source = { registry = "https://pypi.org/simple" }
dependencies = [
    { name = "idna" },
]
sdist = { url = "https://files.pythonhosted.org/packages/61/cc/a381afa6efea9f496eff839d4a6a1aed3bfafc7b3ab4b0d1b243a12573dd/anyio-4.14.2.tar.gz", hash = "sha256:cfa139f3ed1a23ee8f88a145ddb5ac7605b8bbfd8592baacd7ce3d8bb4313c7f", size = 260176, upload-time = "2026-07-12T20:29:07.082Z" }
wheels = [
    { url = "https://files.pythonhosted.org/packages/da/35/f2287558c17e29fafc8ef3daf819bb9834061cfa43bff8014f7df7f63bdc/anyio-4.14.2-py3-none-any.whl", hash = "sha256:9f505dda5ac9f0c8309b5e8bd445a8c2bf7246f3ce950121e45ea15bc41d1494", size = 125813, upload-time = "2026-07-12T20:29:05.763Z" },
]

[[package]]
name = "certifi"
version = "2026.6.17"
source = { registry = "https://pypi.org/simple" }
sdist = { url = "https://files.pythonhosted.org/packages/c9/c7/424b75da314c1045981bd9777432fad05a9e0c69daa4ed7e308bbaffe405/certifi-2026.6.17.tar.gz", hash = "sha256:024c88eeec92ca068db80f02b8b07c9cef7b9fe261d1d535abfd5abd6f6af432", size = 134594, upload-time = "2026-06-17T10:31:07.894Z" }
wheels = [
    { url = "https://files.pythonhosted.org/packages/ef/2f/c5464532e965badff2f4c4c1a3a83f5697f0d7c407ed0cda44aaa99bb451/certifi-2026.6.17-py3-none-any.whl", hash = "sha256:2227dcbaafe0d2f59279d1762ddddc37783ed4354594f194ffc31d20f41fc3db", size = 133289, upload-time = "2026-06-17T10:31:06.348Z" },
]

[[package]]
name = "flet"
version = "0.86.5"
source = { registry = "https://pypi.org/simple" }
dependencies = [
    { name = "httpx", marker = "sys_platform != 'emscripten'" },
    { name = "msgpack" },
    { name = "oauthlib", marker = "sys_platform != 'emscripten'" },
    { name = "repath" },
]
sdist = { url = "https://files.pythonhosted.org/packages/97/91/173edaffb9135f4a0f2b92061b375f553327c38bbe4973a9b9f50b785f4a/flet-0.86.5.tar.gz", hash = "sha256:2ac87c7150686d64b61f0c014ec3415dc74ca3afe8f2fe1e6039c0a164738f90", size = 543099, upload-time = "2026-08-01T16:51:26.067Z" }
wheels = [
    { url = "https://files.pythonhosted.org/packages/20/c4/ae44a4b7f70c5010fda86634f15d32e4a57ad19a5663aadd6cc89b419fcb/flet-0.86.5-py3-none-any.whl", hash = "sha256:b0accfe78243611ab71c3a6adb0045a80f81a284d0cf037e38c7825c2fd45282", size = 622504, upload-time = "2026-08-01T16:51:24.563Z" },
]

[[package]]
name = "flet-terminal"
version = "0.3.6"
source = { editable = "." }
dependencies = [
    { name = "flet" },
]

[package.dev-dependencies]
dev = [
    { name = "ruff" },
]

[package.metadata]
requires-dist = [{ name = "flet", specifier = ">=0.86.5" }]

[package.metadata.requires-dev]
dev = [{ name = "ruff", specifier = ">=0.15.22" }]

[[package]]
name = "h11"
version = "0.16.0"
source = { registry = "https://pypi.org/simple" }
sdist = { url = "https://files.pythonhosted.org/packages/01/ee/02a2c011bdab74c6fb3c75474d40b3052059d95df7e73351460c8588d963/h11-0.16.0.tar.gz", hash = "sha256:4e35b956cf45792e4caa5885e69fba00bdbc6ffafbfa020300e549b208ee5ff1", size = 101250, upload-time = "2025-04-24T03:35:25.427Z" }
wheels = [
    { url = "https://files.pythonhosted.org/packages/04/4b/29cac41a4d98d144bf5f6d33995617b185d14b22401f75ca86f384e87ff1/h11-0.16.0-py3-none-any.whl", hash = "sha256:63cf8bbe7522de3bf65932fda1d9c2772064ffb3dae62d55932da54b31cb6c86", size = 37515, upload-time = "2025-04-24T03:35:24.344Z" },
]

[[package]]
name = "httpcore"
version = "1.0.9"
source = { registry = "https://pypi.org/simple" }
dependencies = [
    { name = "certifi" },
    { name = "h11" },
]
sdist = { url = "https://files.pythonhosted.org/packages/06/94/82699a10bca87a5556c9c59b5963f2d039dbd239f25bc2a63907a05a14cb/httpcore-1.0.9.tar.gz", hash = "sha256:6e34463af53fd2ab5d807f399a9b45ea31c3dfa2276f15a2c3f00afff6e176e8", size = 85484, upload-time = "2025-04-24T22:06:22.219Z" }
wheels = [
    { url = "https://files.pythonhosted.org/packages/7e/f5/f66802a942d491edb555dd61e3a9961140fd64c90bce1eafd741609d334d/httpcore-1.0.9-py3-none-any.whl", hash = "sha256:2d400746a40668fc9dec9810239072b40b4484b640a8c38fd654a024c7a1bf55", size = 78784, upload-time = "2025-04-24T22:06:20.566Z" },
]

[[package]]
name = "httpx"
version = "0.28.1"
source = { registry = "https://pypi.org/simple" }
dependencies = [
    { name = "anyio" },
    { name = "certifi" },
    { name = "httpcore" },
    { name = "idna" },
]
sdist = { url = "https://files.pythonhosted.org/packages/b1/df/48c586a5fe32a0f01324ee087459e112ebb7224f646c0b5023f5e79e9956/httpx-0.28.1.tar.gz", hash = "sha256:75e98c5f16b0f35b567856f597f06ff2270a374470a5c2392242528e3e3e42fc", size = 141406, upload-time = "2024-12-06T15:37:23.222Z" }
wheels = [
    { url = "https://files.pythonhosted.org/packages/2a/39/e50c7c3a983047577ee07d2a9e53faf5a69493943ec3f6a384bdc792deb2/httpx-0.28.1-py3-none-any.whl", hash = "sha256:d909fcccc110f8c7faf814ca82a9a4d816bc5a6dbfea25d6591d6985b8ba59ad", size = 73517, upload-time = "2024-12-06T15:37:21.509Z" },
]

[[package]]
name = "idna"
version = "3.18"
source = { registry = "https://pypi.org/simple" }
sdist = { url = "https://files.pythonhosted.org/packages/cd/63/9496c57188a2ee585e0f1db071d75089a11e98aa86eb99d9d7618fc1edce/idna-3.18.tar.gz", hash = "sha256:ffb385a7e039654cef1ab9ef32c6fafe283c0c0467bba1d9029738ce4a14a848", size = 196711, upload-time = "2026-06-02T14:34:07.794Z" }
wheels = [
    { url = "https://files.pythonhosted.org/packages/1e/5e/d4e9f1a599fb8e573b7b87160658329fbf28d19eac2718f51fc3def3aa5a/idna-3.18-py3-none-any.whl", hash = "sha256:7f952cbe720b688055e3f87de14f5c3e5fdaa8bc3928985c4077ca689de849a2", size = 65455, upload-time = "2026-06-02T14:34:06.319Z" },
]

[[package]]
name = "msgpack"
version = "1.2.1"
source = { registry = "https://pypi.org/simple" }
sdist = { url = "https://files.pythonhosted.org/packages/31/f9/c0a1c127f9049db9155afc316952ea571720dd01833ff5e4d7e8e6352dbb/msgpack-1.2.1.tar.gz", hash = "sha256:04c721c2c7448767e9e3f2520a475663d8ee0f09c31890f6d2bd70fd636a9647", size = 183960, upload-time = "2026-06-18T16:13:52.594Z" }
wheels = [
    { url = "https://files.pythonhosted.org/packages/77/58/cce442852c6b9e1639c7c8ac8fd9143121cb32dab0f308df4d1426a8eb9c/msgpack-1.2.1-cp314-cp314-macosx_10_15_x86_64.whl", hash = "sha256:05f340e47e7e47d2da8db9b53e1bb1d294369e9ef45a747441309f6650b8351d", size = 83610, upload-time = "2026-06-18T16:13:25.724Z" },
    { url = "https://files.pythonhosted.org/packages/60/5c/15b4c7a0182f75ffa90751958ba36a9c01cafee367d49a3edc10ed140b01/msgpack-1.2.1-cp314-cp314-macosx_11_0_arm64.whl", hash = "sha256:810b916696c86ef0deb3b74588480224df4c1b071136c34183e4a2a4284d7ac7", size = 83138, upload-time = "2026-06-18T16:13:26.781Z" },
    { url = "https://files.pythonhosted.org/packages/b8/a6/99e58722feaffc5f2fbcc0c8c0d1451ab9f84097f7af87291b46af2390f4/msgpack-1.2.1-cp314-cp314-manylinux2014_aarch64.manylinux_2_17_aarch64.manylinux_2_28_aarch64.whl", hash = "sha256:ca0dacff965c47afdc3749a8469d7302a8f801d6a28758d55120d75e66ce6889", size = 406090, upload-time = "2026-06-18T16:13:28.072Z" },
    { url = "https://files.pythonhosted.org/packages/19/03/8c63e8cf52958534ef688625965ab04c269a6cadd8caef16758b380a821a/msgpack-1.2.1-cp314-cp314-manylinux2014_x86_64.manylinux_2_17_x86_64.manylinux_2_28_x86_64.whl", hash = "sha256:0e2bf9280bceb5efca998435904b5d3e9fdbcc11d90dc9df30aec7973252b720", size = 412106, upload-time = "2026-06-18T16:13:29.427Z" },
    { url = "https://files.pythonhosted.org/packages/63/d2/155d9e71b40e41fd934bc0c48b9b2770f22263e1ac20aad8e29fdca7be3f/msgpack-1.2.1-cp314-cp314-manylinux_2_31_riscv64.manylinux_2_39_riscv64.whl", hash = "sha256:aa6c4be5d1c02a42b066ca6ddb71adf36432868fdcdb6ee87e634e86e0674190", size = 374851, upload-time = "2026-06-18T16:13:30.631Z" },
    { url = "https://files.pythonhosted.org/packages/98/48/deaf2326262a8d5ea3295ce9649912ecd3f551ba7ec8e33c665d2ba583f3/msgpack-1.2.1-cp314-cp314-musllinux_1_2_aarch64.whl", hash = "sha256:ec0e675d59150a6269ddc9139087c722292664a37d071a849c05c473350f1f2d", size = 396168, upload-time = "2026-06-18T16:13:31.977Z" },
    { url = "https://files.pythonhosted.org/packages/10/2a/b4410f906c2ec0008f1608d3ab5143afc3ad3f4e6da0fed3ea2231d0bef4/msgpack-1.2.1-cp314-cp314-musllinux_1_2_riscv64.whl", hash = "sha256:dd3bfe82d53edfe4b7fc9a7ec9761e23a7a5b1dac22264505af428253c29ed24", size = 371959, upload-time = "2026-06-18T16:13:33.282Z" },
    { url = "https://files.pythonhosted.org/packages/59/86/1edc67270099a528fa2093ea60fe191233cd238e4bd30cfacf7db79fc959/msgpack-1.2.1-cp314-cp314-musllinux_1_2_x86_64.whl", hash = "sha256:5ad5467fc3f68b5468e06c5f788d712e9f8ffc8b0cd1bcb160c105c1ee92dae7", size = 408457, upload-time = "2026-06-18T16:13:34.567Z" },
    { url = "https://files.pythonhosted.org/packages/82/90/8b630fef07d8c5ab457b71ff2c217910c83d333c7a68472c186e87cc504a/msgpack-1.2.1-cp314-cp314-win32.whl", hash = "sha256:98b58bdb89c46190e4609bb36abe17c6d4105ad13f9c5f8f6f64d320f8ced3fb", size = 65942, upload-time = "2026-06-18T16:13:36.056Z" },
    { url = "https://files.pythonhosted.org/packages/16/f1/467b81e98b24dd3885d7b1857728797b4ffc76a7a7483af4fb321a07de3c/msgpack-1.2.1-cp314-cp314-win_amd64.whl", hash = "sha256:74847557e28ce71bd3c438a447ca90e4b507e997ddbdef8a12a7b283b86c156b", size = 72627, upload-time = "2026-06-18T16:13:37.079Z" },
    { url = "https://files.pythonhosted.org/packages/a7/1d/5d8c4c89985feb6acefb82a09e501c60392261856d2408d20bfe4f0360b1/msgpack-1.2.1-cp314-cp314-win_arm64.whl", hash = "sha256:b50b727bd652bdc37d950336c848ef20ec54a4cafc38dce19b1cd86ad625d0f7", size = 66908, upload-time = "2026-06-18T16:13:38.23Z" },
    { url = "https://files.pythonhosted.org/packages/1b/02/ad2afb678b4de94496cd432b581759b756a92c1192d8c767edd6b132efdc/msgpack-1.2.1-cp314-cp314t-macosx_10_15_x86_64.whl", hash = "sha256:8d00f177ca88a77c1cf848d204a38f249751650b601cb6532acc68805d8a8273", size = 86000, upload-time = "2026-06-18T16:13:39.44Z" },
    { url = "https://files.pythonhosted.org/packages/54/74/0b797484013128837f3b1cbb6cea019277c4de4e377dc512b4d9a0f92940/msgpack-1.2.1-cp314-cp314t-macosx_11_0_arm64.whl", hash = "sha256:5bb9c386f0a329c035ddbab4b72d1028bf9627add8dda41070288563d57ed1b1", size = 86544, upload-time = "2026-06-18T16:13:40.447Z" },
    { url = "https://files.pythonhosted.org/packages/a9/b4/b774d7eb95561739907fec675582f83203cf41c597a418c2589b4bfb8e9d/msgpack-1.2.1-cp314-cp314t-manylinux2014_aarch64.manylinux_2_17_aarch64.manylinux_2_28_aarch64.whl", hash = "sha256:20466cca18c49c7292a8984bc15d65857b171e7264bdcb5f96baf8be238791fc", size = 427661, upload-time = "2026-06-18T16:13:41.574Z" },
    { url = "https://files.pythonhosted.org/packages/b2/f9/3243191dc9937e00756c8bc1b0272fed8f23758e43df2a3b46f533e5090f/msgpack-1.2.1-cp314-cp314t-manylinux2014_x86_64.manylinux_2_17_x86_64.manylinux_2_28_x86_64.whl", hash = "sha256:196300e7e5d6e74d50f1607ab9c06c4a1484c383cd22defd727902591f7e8dde", size = 426375, upload-time = "2026-06-18T16:13:42.936Z" },
    { url = "https://files.pythonhosted.org/packages/23/c7/1693111db9944ba4ad4b67a1e788400d78a0b6af7a6523dc7e4e58f8274b/msgpack-1.2.1-cp314-cp314t-manylinux_2_31_riscv64.manylinux_2_39_riscv64.whl", hash = "sha256:575957e79cd51903a4e8495a242442949641e08f1efd5197b43bebd3ea7682b4", size = 380495, upload-time = "2026-06-18T16:13:44.306Z" },
    { url = "https://files.pythonhosted.org/packages/3e/2b/92f86956a0c13e8662f7e2ad630c4eb4db07497b967589bd5245e018b2c1/msgpack-1.2.1-cp314-cp314t-musllinux_1_2_aarch64.whl", hash = "sha256:8c2ed1e48cc0f460bf3c7780e7137ff21a4e18433451916f2442c1b21036cd7d", size = 410897, upload-time = "2026-06-18T16:13:45.629Z" },
    { url = "https://files.pythonhosted.org/packages/da/ea/1479f72d200313a76fc2f823a79d1e07ed052ab7b8a0280640aa7b95de42/msgpack-1.2.1-cp314-cp314t-musllinux_1_2_riscv64.whl", hash = "sha256:5f6277e5f783c36786a145e0247fc189a03f35f84b251646e53592d2bc12b355", size = 378519, upload-time = "2026-06-18T16:13:46.998Z" },
    { url = "https://files.pythonhosted.org/packages/f5/4d/fa006060ffa1011d32bfae826fe766fe73e02982183601633b7121058ab3/msgpack-1.2.1-cp314-cp314t-musllinux_1_2_x86_64.whl", hash = "sha256:f9389552ecf4784886345ead0647e4edc96bee37cbab05b75540f542f766c48c", size = 419815, upload-time = "2026-06-18T16:13:48.205Z" },
    { url = "https://files.pythonhosted.org/packages/2f/e1/aab6c946570496b78e67804721f3d5e2d62a93081b9b37df77764ef56347/msgpack-1.2.1-cp314-cp314t-win32.whl", hash = "sha256:c1c79a604a2969a868a78b6ebd27a887e00c624f14f66b3038e0590cb23332d1", size = 70914, upload-time = "2026-06-18T16:13:49.385Z" },
    { url = "https://files.pythonhosted.org/packages/13/0a/e608956488a2af014cfe6e3d665e090b8ee42aa14b07f8f95b8880d66b09/msgpack-1.2.1-cp314-cp314t-win_amd64.whl", hash = "sha256:f12038a35fabd52e56a3547bab42401af49a45caa6dd00b34c44de235bc93ee2", size = 77999, upload-time = "2026-06-18T16:13:50.467Z" },
    { url = "https://files.pythonhosted.org/packages/d2/8a/27e2e57055176e366a46b85d02d68e7a5bcfbdd8474c9706375d965f24d3/msgpack-1.2.1-cp314-cp314t-win_arm64.whl", hash = "sha256:0adcf06ffde0777c0e1a9b771a2b1c4226ba1bbf748c8efcc02fcdeca3299107", size = 71160, upload-time = "2026-06-18T16:13:51.498Z" },
]

[[package]]
name = "oauthlib"
version = "3.3.1"
source = { registry = "https://pypi.org/simple" }
sdist = { url = "https://files.pythonhosted.org/packages/0b/5f/19930f824ffeb0ad4372da4812c50edbd1434f678c90c2733e1188edfc63/oauthlib-3.3.1.tar.gz", hash = "sha256:0f0f8aa759826a193cf66c12ea1af1637f87b9b4622d46e866952bb022e538c9", size = 185918, upload-time = "2025-06-19T22:48:08.269Z" }
wheels = [
    { url = "https://files.pythonhosted.org/packages/be/9c/92789c596b8df838baa98fa71844d84283302f7604ed565dafe5a6b5041a/oauthlib-3.3.1-py3-none-any.whl", hash = "sha256:88119c938d2b8fb88561af5f6ee0eec8cc8d552b7bb1f712743136eb7523b7a1", size = 160065, upload-time = "2025-06-19T22:48:06.508Z" },
]

[[package]]
name = "repath"
version = "0.9.0"
source = { registry = "https://pypi.org/simple" }
dependencies = [
    { name = "six" },
]
sdist = { url = "https://files.pythonhosted.org/packages/65/e1/824989291d0f01886074fdf9504ba54598f5665bc4dd373b589b87e76608/repath-0.9.0.tar.gz", hash = "sha256:8292139bac6a0e43fd9d70605d4e8daeb25d46672e484ed31a24c7ce0aef0fb7", size = 5492, upload-time = "2019-10-08T00:25:22.3Z" }
wheels = [
    { url = "https://files.pythonhosted.org/packages/87/ed/92e9b8a3ffc562f21df14ef2538f54e911df29730e1f0d79130a4edc86e7/repath-0.9.0-py3-none-any.whl", hash = "sha256:ee079d6c91faeb843274d22d8f786094ee01316ecfe293a1eb6546312bb6a318", size = 4738, upload-time = "2019-10-08T00:25:20.842Z" },
]

[[package]]
name = "ruff"
version = "0.15.22"
source = { registry = "https://pypi.org/simple" }
sdist = { url = "https://files.pythonhosted.org/packages/3a/06/ae069393fc66e8ff33036d4b368003833bf6e88ccf182e17e7a2f1c754fd/ruff-0.15.22.tar.gz", hash = "sha256:3f15175b1fb580126f58285a5dae6b2ea89000136d980c64499211f116b54809", size = 4785063, upload-time = "2026-07-16T15:14:13.244Z" }
wheels = [
    { url = "https://files.pythonhosted.org/packages/23/18/ee54b7ae1e121be7a28ea6da4b67564ebb0530e183a54415ab7e3bcd2c4e/ruff-0.15.22-py3-none-linux_armv6l.whl", hash = "sha256:44423e73493737f5e7c5b41d475483898ff37afcdae38bc3da5085e29af1c2d8", size = 10781258, upload-time = "2026-07-16T15:13:19.452Z" },
    { url = "https://files.pythonhosted.org/packages/2f/d2/2520cb14761ddbeaf57642a76942fc36adcbdbe53b4532241995f6fc485c/ruff-0.15.22-py3-none-macosx_10_12_x86_64.whl", hash = "sha256:b82c6482946e9eda7ff2e091d25b8bad3f718684e1916d41bd56873cee05b697", size = 10999477, upload-time = "2026-07-16T15:13:23.318Z" },
    { url = "https://files.pythonhosted.org/packages/c9/10/74e53572aa758dfaa678c2a2646b5c5515d884b7ca56be4d2ce03ca4b560/ruff-0.15.22-py3-none-macosx_11_0_arm64.whl", hash = "sha256:11c1c715af53a09f714e011106bffc419751ec8232fcb5da42173284ea3fec6f", size = 10466716, upload-time = "2026-07-16T15:13:26.162Z" },
    { url = "https://files.pythonhosted.org/packages/1e/cc/44eaaf0844e028182f2d0a8f2190d0f359159aed0a9e5ab861d892f1ae2a/ruff-0.15.22-py3-none-manylinux_2_17_aarch64.manylinux2014_aarch64.whl", hash = "sha256:742a29cf29bddb7c8327895d6a10e0e6c5b38a96dd407af9b5d0857f809c0576", size = 10892644, upload-time = "2026-07-16T15:13:29.229Z" },
    { url = "https://files.pythonhosted.org/packages/9f/21/8edf559014d2b0f82beea19cfb713993ad802ccda16868769979c6090a84/ruff-0.15.22-py3-none-manylinux_2_17_armv7l.manylinux2014_armv7l.whl", hash = "sha256:72af58b951b0ae395935ae79763dc349bc0eb706319d28f7a33ad2cfb3cfc178", size = 10576719, upload-time = "2026-07-16T15:13:32.35Z" },
    { url = "https://files.pythonhosted.org/packages/bf/1e/3a13abd392a3b50b62e5938a831f9ab6e588358cacad5c18545b716d2182/ruff-0.15.22-py3-none-manylinux_2_17_i686.manylinux2014_i686.whl", hash = "sha256:62d425005c1835eb24e2ee4161cb90e8db263415f4a71c8c72c33abaa6c0c224", size = 11376494, upload-time = "2026-07-16T15:13:35.958Z" },
    { url = "https://files.pythonhosted.org/packages/bf/3e/422d3d95bcf04dd78e1aeac22184d4f9a8fb2c01865d39d44618484a0317/ruff-0.15.22-py3-none-manylinux_2_17_ppc64le.manylinux2014_ppc64le.whl", hash = "sha256:e8b9b3f8779a4f08c969defc3c8c35abffaa757e601ed5ae66d6d1db6519969a", size = 12208370, upload-time = "2026-07-16T15:13:39.185Z" },
    { url = "https://files.pythonhosted.org/packages/1e/91/5d065a0e0a02bf4813f5119ad278462eed081d2b832eb7c021ade0ec9e65/ruff-0.15.22-py3-none-manylinux_2_17_s390x.manylinux2014_s390x.whl", hash = "sha256:1e0dd1b2e4d3d585f897a0d137cbf4eaf6223bef4e8ce34d6bb12556c5f9249e", size = 11581098, upload-time = "2026-07-16T15:13:42.132Z" },
    { url = "https://files.pythonhosted.org/packages/f6/f9/a0d4871d12fae702eb1f41b686caf05f1f8b124dc6db6f784f53d74918fa/ruff-0.15.22-py3-none-manylinux_2_17_x86_64.manylinux2014_x86_64.whl", hash = "sha256:365523eb91d9224e1bcb03b022fbf0facb8f9e23792a2c53d9d4b3924bdbdebb", size = 11399422, upload-time = "2026-07-16T15:13:45.2Z" },
    { url = "https://files.pythonhosted.org/packages/18/80/c843a5176cddbceb0b7e8dd41cf9993490796c1c469348d384f5a5c13c56/ruff-0.15.22-py3-none-manylinux_2_31_riscv64.whl", hash = "sha256:fabfd168afdf29fee5be98b831efa9683c94d7c5a3b58b9ce5a2e38444589a74", size = 11381683, upload-time = "2026-07-16T15:13:48.46Z" },
    { url = "https://files.pythonhosted.org/packages/d4/00/8485de0ae92239438a36cfc51350db9b9e85c9ebdfaea91b18e422706662/ruff-0.15.22-py3-none-musllinux_1_2_aarch64.whl", hash = "sha256:225dbf095a87f1d9f90f5fd7924d2613ee452a75a4308c63a8f50f761787aa7c", size = 10850295, upload-time = "2026-07-16T15:13:51.655Z" },
    { url = "https://files.pythonhosted.org/packages/fa/91/24977ec2ec72eaf15e4394ace2959fdff2dd1e14f03e005e838023407169/ruff-0.15.22-py3-none-musllinux_1_2_armv7l.whl", hash = "sha256:1877d63b9d24ed278744f1523fd11b85540566d54641f97c566d7d9dc5ca5296", size = 10579640, upload-time = "2026-07-16T15:13:54.79Z" },
    { url = "https://files.pythonhosted.org/packages/9c/47/9b51216951974df1f263ac19da550d34252e0ed7218c25f10c5ef9ed7517/ruff-0.15.22-py3-none-musllinux_1_2_i686.whl", hash = "sha256:a1606c510bd7215680d32efab38965f7cdec3ef69f5170a3f4791404ffdd5262", size = 11105077, upload-time = "2026-07-16T15:13:57.915Z" },
    { url = "https://files.pythonhosted.org/packages/c2/47/20e9d4a3b8016778acea5fc32bb50d35d207500a17ddb529ffa6996feef8/ruff-0.15.22-py3-none-musllinux_1_2_x86_64.whl", hash = "sha256:630479b18625f5ffc373f77603a22a9f8ac0acd7ff0501178b5db28ec71e9c64", size = 11490980, upload-time = "2026-07-16T15:14:01.032Z" },
    { url = "https://files.pythonhosted.org/packages/4d/76/3f72d8fc38c1cb77b38c56a70da9d0c17700cc1cc50f9649c9d3c8f5ba71/ruff-0.15.22-py3-none-win32.whl", hash = "sha256:e5ba0e4a13fd14abbed2a77b517a3911290c6c6c59ef67784328d1668fab76cf", size = 10789165, upload-time = "2026-07-16T15:14:04.16Z" },
    { url = "https://files.pythonhosted.org/packages/cb/46/4965251734c2b6fcdca1b1b187d20bcac3af0ee5b083b89c910bb961ce3a/ruff-0.15.22-py3-none-win_amd64.whl", hash = "sha256:9be63ba1eb936acd2d1342fb8337c356353706fce233b2a15a09a97037e6acde", size = 11938297, upload-time = "2026-07-16T15:14:07.316Z" },
    { url = "https://files.pythonhosted.org/packages/57/c9/e69b1ff4c8b69093ef08b8919ab767af0569666865b39c30a8795d88d3c6/ruff-0.15.22-py3-none-win_arm64.whl", hash = "sha256:e1168075b72158510839f250027659cdd78476f40507dd517892304c41318661", size = 11298172, upload-time = "2026-07-16T15:14:10.51Z" },
]

[[package]]
name = "six"
version = "1.17.0"
source = { registry = "https://pypi.org/simple" }
sdist = { url = "https://files.pythonhosted.org/packages/94/e7/b2c673351809dca68a0e064b6af791aa332cf192da575fd474ed7d6f16a2/six-1.17.0.tar.gz", hash = "sha256:ff70335d468e7eb6ec65b95b99d3a2836546063f63acc5171de367e834932a81", size = 34031, upload-time = "2024-12-04T17:35:28.174Z" }
wheels = [
    { url = "https://files.pythonhosted.org/packages/b7/ce/149a00dd41f10bc29e5921b496af8b574d8413afcd5e30dfa0ed46c2cc5e/six-1.17.0-py2.py3-none-any.whl", hash = "sha256:4721f391ed90541fddacab5acf947aa0d3dc7d27b2e1e8eda2be8970586c3274", size = 11050, upload-time = "2024-12-04T17:35:26.475Z" },
]
